
Microsoft Visual Studio Solution File, Format Version 12.00
# Visual Studio Version 17
VisualStudioVersion = 17.4.33213.308
MinimumVisualStudioVersion = 10.0.40219.1
Project("{FAE04EC0-301F-11D3-BF4B-00C04F79EFBC}") = "BasicPrograms", "BasicPrograms\BasicPrograms.csproj", "{54F5CD92-4EC8-4D5D-9030-6E94C726477E}"
EndProject
Global
	GlobalSection(SolutionConfigurationPlatforms) = preSolution
		Debug|Any CPU = Debug|Any CPU
		Release|Any CPU = Release|Any CPU
	EndGlobalSection
	GlobalSection(ProjectConfigurationPlatforms) = postSolution
		{54F5CD92-4EC8-4D5D-9030-6E94C726477E}.Debug|Any CPU.ActiveCfg = Debug|Any CPU
		{54F5CD92-4EC8-4D5D-9030-6E94C726477E}.Debug|Any CPU.Build.0 = Debug|Any CPU
		{54F5CD92-4EC8-4D5D-9030-6E94C726477E}.Release|Any CPU.ActiveCfg = Release|Any CPU
		{54F5CD92-4EC8-4D5D-9030-6E94C726477E}.Release|Any CPU.Build.0 = Release|Any CPU
	EndGlobalSection
	GlobalSection(SolutionProperties) = preSolution
		HideSolutionNode = FALSE
	EndGlobalSection
	GlobalSection(ExtensibilityGlobals) = postSolution
		SolutionGuid = {5F464F1B-9EAB-4535-8751-9977C8A997DC}
	EndGlobalSection
EndGlobal
